
Microsoft Visual Studio Solution File, Format Version 12.00
Project("{FAE04EC0-301F-11D3-BF4B-00C04F79EFBC}") = "SlackConsole", "SlackConsole\SlackConsole.csproj", "{3BCBF772-2F38-4133-A630-7652BDC880FD}"
EndProject
Global
	GlobalSection(SolutionConfigurationPlatforms) = preSolution
		Debug|Any CPU = Debug|Any CPU
		Release|Any CPU = Release|Any CPU
	EndGlobalSection
	GlobalSection(ProjectConfigurationPlatforms) = postSolution
		{3BCBF772-2F38-4133-A630-7652BDC880FD}.Debug|Any CPU.ActiveCfg = Debug|Any CPU
		{3BCBF772-2F38-4133-A630-7652BDC880FD}.Debug|Any CPU.Build.0 = Debug|Any CPU
		{3BCBF772-2F38-4133-A630-7652BDC880FD}.Release|Any CPU.ActiveCfg = Release|Any CPU
		{3BCBF772-2F38-4133-A630-7652BDC880FD}.Release|Any CPU.Build.0 = Release|Any CPU
	EndGlobalSection
EndGlobal
